
Microsoft Visual Studio Solution File, Format Version 12.00
# Visual Studio 15
VisualStudioVersion = 15.0.28307.1758
MinimumVisualStudioVersion = 10.0.40219.1
Project("{8BC9CEB8-8B4A-11D0-8D11-00A0C91BC942}") = "Project1", "Project1\Project1.vcxproj", "{88C0686C-5B51-490E-B3A3-6D5BF47EB45E}"
EndProject
Project("{8BC9CEB8-8B4A-11D0-8D11-00A0C91BC942}") = "Project2", "Project2\Project2.vcxproj", "{2438F207-CD08-4328-92E1-B22524905D4A}"
EndProject
Global
	GlobalSection(SolutionConfigurationPlatforms) = preSolution
		Debug|x64 = Debug|x64
		Debug|x86 = Debug|x86
		Release|x64 = Release|x64
		Release|x86 = Release|x86
	EndGlobalSection
	GlobalSection(ProjectConfigurationPlatforms) = postSolution
		{88C0686C-5B51-490E-B3A3-6D5BF47EB45E}.Debug|x64.ActiveCfg = Debug|x64
		{88C0686C-5B51-490E-B3A3-6D5BF47EB45E}.Debug|x64.Build.0 = Debug|x64
		{88C0686C-5B51-490E-B3A3-6D5BF47EB45E}.Debug|x86.ActiveCfg = Debug|Win32
		{88C0686C-5B51-490E-B3A3-6D5BF47EB45E}.Debug|x86.Build.0 = Debug|Win32
		{88C0686C-5B51-490E-B3A3-6D5BF47EB45E}.Release|x64.ActiveCfg = Release|x64
		{88C0686C-5B51-490E-B3A3-6D5BF47EB45E}.Release|x64.Build.0 = Release|x64
		{88C0686C-5B51-490E-B3A3-6D5BF47EB45E}.Release|x86.ActiveCfg = Release|Win32
		{88C0686C-5B51-490E-B3A3-6D5BF47EB45E}.Release|x86.Build.0 = Release|Win32
		{2438F207-CD08-4328-92E1-B22524905D4A}.Debug|x64.ActiveCfg = Debug|x64
		{2438F207-CD08-4328-92E1-B22524905D4A}.Debug|x64.Build.0 = Debug|x64
		{2438F207-CD08-4328-92E1-B22524905D4A}.Debug|x86.ActiveCfg = Debug|Win32
		{2438F207-CD08-4328-92E1-B22524905D4A}.Debug|x86.Build.0 = Debug|Win32
		{2438F207-CD08-4328-92E1-B22524905D4A}.Release|x64.ActiveCfg = Release|x64
		{2438F207-CD08-4328-92E1-B22524905D4A}.Release|x64.Build.0 = Release|x64
		{2438F207-CD08-4328-92E1-B22524905D4A}.Release|x86.ActiveCfg = Release|Win32
		{2438F207-CD08-4328-92E1-B22524905D4A}.Release|x86.Build.0 = Release|Win32
	EndGlobalSection
	GlobalSection(SolutionProperties) = preSolution
		HideSolutionNode = FALSE
	EndGlobalSection
	GlobalSection(ExtensibilityGlobals) = postSolution
		SolutionGuid = {27CEBD90-0AC1-445C-B70A-F8AA036DC944}
	EndGlobalSection
EndGlobal
