
Microsoft Visual Studio Solution File, Format Version 12.00
# Visual Studio 15
VisualStudioVersion = 15.0.28307.1758
MinimumVisualStudioVersion = 10.0.40219.1
Project("{8BC9CEB8-8B4A-11D0-8D11-00A0C91BC942}") = "Project1", "Project1\Project1.vcxproj", "{6E0C9E85-1E5C-4C5E-8B0F-C2F9596F83A4}"
EndProject
Project("{8BC9CEB8-8B4A-11D0-8D11-00A0C91BC942}") = "Project2", "Project2\Project2.vcxproj", "{A9C9D80B-B067-47EB-85C1-40ABD5D78AFB}"
EndProject
Global
	GlobalSection(SolutionConfigurationPlatforms) = preSolution
		Debug|x64 = Debug|x64
		Debug|x86 = Debug|x86
		Release|x64 = Release|x64
		Release|x86 = Release|x86
	EndGlobalSection
	GlobalSection(ProjectConfigurationPlatforms) = postSolution
		{6E0C9E85-1E5C-4C5E-8B0F-C2F9596F83A4}.Debug|x64.ActiveCfg = Debug|x64
		{6E0C9E85-1E5C-4C5E-8B0F-C2F9596F83A4}.Debug|x64.Build.0 = Debug|x64
		{6E0C9E85-1E5C-4C5E-8B0F-C2F9596F83A4}.Debug|x86.ActiveCfg = Debug|Win32
		{6E0C9E85-1E5C-4C5E-8B0F-C2F9596F83A4}.Debug|x86.Build.0 = Debug|Win32
		{6E0C9E85-1E5C-4C5E-8B0F-C2F9596F83A4}.Release|x64.ActiveCfg = Release|x64
		{6E0C9E85-1E5C-4C5E-8B0F-C2F9596F83A4}.Release|x64.Build.0 = Release|x64
		{6E0C9E85-1E5C-4C5E-8B0F-C2F9596F83A4}.Release|x86.ActiveCfg = Release|Win32
		{6E0C9E85-1E5C-4C5E-8B0F-C2F9596F83A4}.Release|x86.Build.0 = Release|Win32
		{A9C9D80B-B067-47EB-85C1-40ABD5D78AFB}.Debug|x64.ActiveCfg = Debug|x64
		{A9C9D80B-B067-47EB-85C1-40ABD5D78AFB}.Debug|x64.Build.0 = Debug|x64
		{A9C9D80B-B067-47EB-85C1-40ABD5D78AFB}.Debug|x86.ActiveCfg = Debug|Win32
		{A9C9D80B-B067-47EB-85C1-40ABD5D78AFB}.Debug|x86.Build.0 = Debug|Win32
		{A9C9D80B-B067-47EB-85C1-40ABD5D78AFB}.Release|x64.ActiveCfg = Release|x64
		{A9C9D80B-B067-47EB-85C1-40ABD5D78AFB}.Release|x64.Build.0 = Release|x64
		{A9C9D80B-B067-47EB-85C1-40ABD5D78AFB}.Release|x86.ActiveCfg = Release|Win32
		{A9C9D80B-B067-47EB-85C1-40ABD5D78AFB}.Release|x86.Build.0 = Release|Win32
	EndGlobalSection
	GlobalSection(SolutionProperties) = preSolution
		HideSolutionNode = FALSE
	EndGlobalSection
	GlobalSection(ExtensibilityGlobals) = postSolution
		SolutionGuid = {4AB5F8FE-3BAF-4CE0-9B86-0757AB0573A8}
	EndGlobalSection
EndGlobal
