
Microsoft Visual Studio Solution File, Format Version 12.00
# Visual Studio 15
VisualStudioVersion = 15.0.28307.1758
MinimumVisualStudioVersion = 10.0.40219.1
Project("{8BC9CEB8-8B4A-11D0-8D11-00A0C91BC942}") = "Project1", "Project1\Project1.vcxproj", "{225C1CBB-46BF-4802-A1B9-0BB8D3B0CE0F}"
EndProject
Project("{8BC9CEB8-8B4A-11D0-8D11-00A0C91BC942}") = "Project2", "Project2\Project2.vcxproj", "{01CF7426-D0FC-413F-B496-11F43BABB1CE}"
EndProject
Project("{8BC9CEB8-8B4A-11D0-8D11-00A0C91BC942}") = "Project3", "Project3\Project3.vcxproj", "{8D72493D-ACAC-436C-A4AD-E1B8FF701D18}"
EndProject
Global
	GlobalSection(SolutionConfigurationPlatforms) = preSolution
		Debug|x64 = Debug|x64
		Debug|x86 = Debug|x86
		Release|x64 = Release|x64
		Release|x86 = Release|x86
	EndGlobalSection
	GlobalSection(ProjectConfigurationPlatforms) = postSolution
		{225C1CBB-46BF-4802-A1B9-0BB8D3B0CE0F}.Debug|x64.ActiveCfg = Debug|x64
		{225C1CBB-46BF-4802-A1B9-0BB8D3B0CE0F}.Debug|x64.Build.0 = Debug|x64
		{225C1CBB-46BF-4802-A1B9-0BB8D3B0CE0F}.Debug|x86.ActiveCfg = Debug|Win32
		{225C1CBB-46BF-4802-A1B9-0BB8D3B0CE0F}.Debug|x86.Build.0 = Debug|Win32
		{225C1CBB-46BF-4802-A1B9-0BB8D3B0CE0F}.Release|x64.ActiveCfg = Release|x64
		{225C1CBB-46BF-4802-A1B9-0BB8D3B0CE0F}.Release|x64.Build.0 = Release|x64
		{225C1CBB-46BF-4802-A1B9-0BB8D3B0CE0F}.Release|x86.ActiveCfg = Release|Win32
		{225C1CBB-46BF-4802-A1B9-0BB8D3B0CE0F}.Release|x86.Build.0 = Release|Win32
		{01CF7426-D0FC-413F-B496-11F43BABB1CE}.Debug|x64.ActiveCfg = Debug|x64
		{01CF7426-D0FC-413F-B496-11F43BABB1CE}.Debug|x64.Build.0 = Debug|x64
		{01CF7426-D0FC-413F-B496-11F43BABB1CE}.Debug|x86.ActiveCfg = Debug|Win32
		{01CF7426-D0FC-413F-B496-11F43BABB1CE}.Debug|x86.Build.0 = Debug|Win32
		{01CF7426-D0FC-413F-B496-11F43BABB1CE}.Release|x64.ActiveCfg = Release|x64
		{01CF7426-D0FC-413F-B496-11F43BABB1CE}.Release|x64.Build.0 = Release|x64
		{01CF7426-D0FC-413F-B496-11F43BABB1CE}.Release|x86.ActiveCfg = Release|Win32
		{01CF7426-D0FC-413F-B496-11F43BABB1CE}.Release|x86.Build.0 = Release|Win32
		{8D72493D-ACAC-436C-A4AD-E1B8FF701D18}.Debug|x64.ActiveCfg = Debug|x64
		{8D72493D-ACAC-436C-A4AD-E1B8FF701D18}.Debug|x64.Build.0 = Debug|x64
		{8D72493D-ACAC-436C-A4AD-E1B8FF701D18}.Debug|x86.ActiveCfg = Debug|Win32
		{8D72493D-ACAC-436C-A4AD-E1B8FF701D18}.Debug|x86.Build.0 = Debug|Win32
		{8D72493D-ACAC-436C-A4AD-E1B8FF701D18}.Release|x64.ActiveCfg = Release|x64
		{8D72493D-ACAC-436C-A4AD-E1B8FF701D18}.Release|x64.Build.0 = Release|x64
		{8D72493D-ACAC-436C-A4AD-E1B8FF701D18}.Release|x86.ActiveCfg = Release|Win32
		{8D72493D-ACAC-436C-A4AD-E1B8FF701D18}.Release|x86.Build.0 = Release|Win32
	EndGlobalSection
	GlobalSection(SolutionProperties) = preSolution
		HideSolutionNode = FALSE
	EndGlobalSection
	GlobalSection(ExtensibilityGlobals) = postSolution
		SolutionGuid = {24463AEE-0198-49B3-A90E-7542510973E5}
	EndGlobalSection
EndGlobal
