
Microsoft Visual Studio Solution File, Format Version 12.00
# Visual Studio Version 17
VisualStudioVersion = 17.6.33815.320
MinimumVisualStudioVersion = 10.0.40219.1
Project("{8BC9CEB8-8B4A-11D0-8D11-00A0C91BC942}") = "Project1", "Project1\Project1.vcxproj", "{D92BF78F-DA38-4463-8A9E-90602B71D64D}"
EndProject
Project("{8BC9CEB8-8B4A-11D0-8D11-00A0C91BC942}") = "Project2", "Project2\Project2.vcxproj", "{BF70FCFE-FEBD-402A-A243-1868782C14F6}"
EndProject
Project("{8BC9CEB8-8B4A-11D0-8D11-00A0C91BC942}") = "Project3", "Project3\Project3.vcxproj", "{0A2EEF7F-66D0-49C8-A9D2-E3FD143270CC}"
EndProject
Global
	GlobalSection(SolutionConfigurationPlatforms) = preSolution
		Debug|x64 = Debug|x64
		Debug|x86 = Debug|x86
		Release|x64 = Release|x64
		Release|x86 = Release|x86
	EndGlobalSection
	GlobalSection(ProjectConfigurationPlatforms) = postSolution
		{D92BF78F-DA38-4463-8A9E-90602B71D64D}.Debug|x64.ActiveCfg = Debug|x64
		{D92BF78F-DA38-4463-8A9E-90602B71D64D}.Debug|x64.Build.0 = Debug|x64
		{D92BF78F-DA38-4463-8A9E-90602B71D64D}.Debug|x86.ActiveCfg = Debug|Win32
		{D92BF78F-DA38-4463-8A9E-90602B71D64D}.Debug|x86.Build.0 = Debug|Win32
		{D92BF78F-DA38-4463-8A9E-90602B71D64D}.Release|x64.ActiveCfg = Release|x64
		{D92BF78F-DA38-4463-8A9E-90602B71D64D}.Release|x64.Build.0 = Release|x64
		{D92BF78F-DA38-4463-8A9E-90602B71D64D}.Release|x86.ActiveCfg = Release|Win32
		{D92BF78F-DA38-4463-8A9E-90602B71D64D}.Release|x86.Build.0 = Release|Win32
		{BF70FCFE-FEBD-402A-A243-1868782C14F6}.Debug|x64.ActiveCfg = Debug|x64
		{BF70FCFE-FEBD-402A-A243-1868782C14F6}.Debug|x64.Build.0 = Debug|x64
		{BF70FCFE-FEBD-402A-A243-1868782C14F6}.Debug|x86.ActiveCfg = Debug|Win32
		{BF70FCFE-FEBD-402A-A243-1868782C14F6}.Debug|x86.Build.0 = Debug|Win32
		{BF70FCFE-FEBD-402A-A243-1868782C14F6}.Release|x64.ActiveCfg = Release|x64
		{BF70FCFE-FEBD-402A-A243-1868782C14F6}.Release|x64.Build.0 = Release|x64
		{BF70FCFE-FEBD-402A-A243-1868782C14F6}.Release|x86.ActiveCfg = Release|Win32
		{BF70FCFE-FEBD-402A-A243-1868782C14F6}.Release|x86.Build.0 = Release|Win32
		{0A2EEF7F-66D0-49C8-A9D2-E3FD143270CC}.Debug|x64.ActiveCfg = Debug|x64
		{0A2EEF7F-66D0-49C8-A9D2-E3FD143270CC}.Debug|x64.Build.0 = Debug|x64
		{0A2EEF7F-66D0-49C8-A9D2-E3FD143270CC}.Debug|x86.ActiveCfg = Debug|Win32
		{0A2EEF7F-66D0-49C8-A9D2-E3FD143270CC}.Debug|x86.Build.0 = Debug|Win32
		{0A2EEF7F-66D0-49C8-A9D2-E3FD143270CC}.Release|x64.ActiveCfg = Release|x64
		{0A2EEF7F-66D0-49C8-A9D2-E3FD143270CC}.Release|x64.Build.0 = Release|x64
		{0A2EEF7F-66D0-49C8-A9D2-E3FD143270CC}.Release|x86.ActiveCfg = Release|Win32
		{0A2EEF7F-66D0-49C8-A9D2-E3FD143270CC}.Release|x86.Build.0 = Release|Win32
	EndGlobalSection
	GlobalSection(SolutionProperties) = preSolution
		HideSolutionNode = FALSE
	EndGlobalSection
	GlobalSection(ExtensibilityGlobals) = postSolution
		SolutionGuid = {38C8A34E-BCB4-4581-9899-525364049101}
	EndGlobalSection
EndGlobal
