
Microsoft Visual Studio Solution File, Format Version 12.00
# Visual Studio Version 17
VisualStudioVersion = 17.6.33815.320
MinimumVisualStudioVersion = 10.0.40219.1
Project("{8BC9CEB8-8B4A-11D0-8D11-00A0C91BC942}") = "Project1", "Project1\Project1.vcxproj", "{8E0605A4-6C6A-42AD-A6A6-06686433F0DD}"
EndProject
Project("{8BC9CEB8-8B4A-11D0-8D11-00A0C91BC942}") = "Project2", "Project2\Project2.vcxproj", "{AA568DF6-F816-4ED8-AF17-1470D566122C}"
EndProject
Global
	GlobalSection(SolutionConfigurationPlatforms) = preSolution
		Debug|x64 = Debug|x64
		Debug|x86 = Debug|x86
		Release|x64 = Release|x64
		Release|x86 = Release|x86
	EndGlobalSection
	GlobalSection(ProjectConfigurationPlatforms) = postSolution
		{8E0605A4-6C6A-42AD-A6A6-06686433F0DD}.Debug|x64.ActiveCfg = Debug|x64
		{8E0605A4-6C6A-42AD-A6A6-06686433F0DD}.Debug|x64.Build.0 = Debug|x64
		{8E0605A4-6C6A-42AD-A6A6-06686433F0DD}.Debug|x86.ActiveCfg = Debug|Win32
		{8E0605A4-6C6A-42AD-A6A6-06686433F0DD}.Debug|x86.Build.0 = Debug|Win32
		{8E0605A4-6C6A-42AD-A6A6-06686433F0DD}.Release|x64.ActiveCfg = Release|x64
		{8E0605A4-6C6A-42AD-A6A6-06686433F0DD}.Release|x64.Build.0 = Release|x64
		{8E0605A4-6C6A-42AD-A6A6-06686433F0DD}.Release|x86.ActiveCfg = Release|Win32
		{8E0605A4-6C6A-42AD-A6A6-06686433F0DD}.Release|x86.Build.0 = Release|Win32
		{AA568DF6-F816-4ED8-AF17-1470D566122C}.Debug|x64.ActiveCfg = Debug|x64
		{AA568DF6-F816-4ED8-AF17-1470D566122C}.Debug|x64.Build.0 = Debug|x64
		{AA568DF6-F816-4ED8-AF17-1470D566122C}.Debug|x86.ActiveCfg = Debug|Win32
		{AA568DF6-F816-4ED8-AF17-1470D566122C}.Debug|x86.Build.0 = Debug|Win32
		{AA568DF6-F816-4ED8-AF17-1470D566122C}.Release|x64.ActiveCfg = Release|x64
		{AA568DF6-F816-4ED8-AF17-1470D566122C}.Release|x64.Build.0 = Release|x64
		{AA568DF6-F816-4ED8-AF17-1470D566122C}.Release|x86.ActiveCfg = Release|Win32
		{AA568DF6-F816-4ED8-AF17-1470D566122C}.Release|x86.Build.0 = Release|Win32
	EndGlobalSection
	GlobalSection(SolutionProperties) = preSolution
		HideSolutionNode = FALSE
	EndGlobalSection
	GlobalSection(ExtensibilityGlobals) = postSolution
		SolutionGuid = {8BFF94B0-7A5A-4E2E-BE63-3ECA3DEA8807}
	EndGlobalSection
EndGlobal
